
Microsoft Visual Studio Solution File, Format Version 12.00
Project("{2150E333-8FDC-42A3-9474-1A3956D46DE8}") = "src", "src", "{64EF801B-6C59-4951-BEA4-B4837D41DD21}"
EndProject
Project("{2150E333-8FDC-42A3-9474-1A3956D46DE8}") = "SolutionItems", "SolutionItems", "{CB74C0C7-EBDF-4A6C-9115-5908B1DE55B7}"
EndProject
Project("{FAE04EC0-301F-11D3-BF4B-00C04F79EFBC}") = "Garage48.DeepFakeDetection.Server", "src\Garage48.DeepFakeDetection.Server\Garage48.DeepFakeDetection.Server.csproj", "{26FF2639-1917-44A6-B32D-7A1EDA701196}"
EndProject
Global
	GlobalSection(SolutionConfigurationPlatforms) = preSolution
		Debug|Any CPU = Debug|Any CPU
		Release|Any CPU = Release|Any CPU
	EndGlobalSection
	GlobalSection(NestedProjects) = preSolution
		{26FF2639-1917-44A6-B32D-7A1EDA701196} = {64EF801B-6C59-4951-BEA4-B4837D41DD21}
	EndGlobalSection
	GlobalSection(ProjectConfigurationPlatforms) = postSolution
		{26FF2639-1917-44A6-B32D-7A1EDA701196}.Debug|Any CPU.ActiveCfg = Debug|Any CPU
		{26FF2639-1917-44A6-B32D-7A1EDA701196}.Debug|Any CPU.Build.0 = Debug|Any CPU
		{26FF2639-1917-44A6-B32D-7A1EDA701196}.Release|Any CPU.ActiveCfg = Release|Any CPU
		{26FF2639-1917-44A6-B32D-7A1EDA701196}.Release|Any CPU.Build.0 = Release|Any CPU
	EndGlobalSection
EndGlobal
